
Microsoft Visual Studio Solution File, Format Version 12.00
# Visual Studio Version 17
VisualStudioVersion = 17.11.35312.102
MinimumVisualStudioVersion = 10.0.40219.1
Project("{9A19103F-16F7-4668-BE54-9A1E7A4F7556}") = "Remora.Sdk", "Remora.Sdk\Remora.Sdk.msbuildproj", "{060D4556-DD64-453B-B79E-D602E9AA87F5}"
EndProject
Project("{9A19103F-16F7-4668-BE54-9A1E7A4F7556}") = "Remora.Tests.Sdk", "Remora.Tests.Sdk\Remora.Tests.Sdk.msbuildproj", "{10815AC2-0F9B-4C06-9EA0-317A766B2A5F}"
EndProject
Project("{2150E333-8FDC-42A3-9474-1A3956D46DE8}") = "metadata", "metadata", "{C24DCE64-A955-4039-B930-93C219188BF7}"
	ProjectSection(SolutionItems) = preProject
		.gitignore = .gitignore
		Directory.Build.props = Directory.Build.props
		Directory.Build.targets = Directory.Build.targets
		README.md = README.md
	EndProjectSection
EndProject
Project("{2150E333-8FDC-42A3-9474-1A3956D46DE8}") = "Tests", "Tests", "{5B608803-1FBF-46B5-8AC5-30C5E0C6D7EB}"
	ProjectSection(SolutionItems) = preProject
		Tests\Directory.Build.props = Tests\Directory.Build.props
		Tests\Directory.Build.targets = Tests\Directory.Build.targets
	EndProjectSection
EndProject
Project("{9A19103F-16F7-4668-BE54-9A1E7A4F7556}") = "ConsoleProject", "Tests\ConsoleProject\ConsoleProject.csproj", "{41D83C63-CC5C-46BF-89C1-859C6064B5E4}"
EndProject
Project("{9A19103F-16F7-4668-BE54-9A1E7A4F7556}") = "LibraryProject", "Tests\LibraryProject\LibraryProject.csproj", "{7A29BD0A-C96F-4535-BBB6-0F847CB73F07}"
EndProject
Project("{9A19103F-16F7-4668-BE54-9A1E7A4F7556}") = "TestProject", "Tests\TestProject\TestProject.csproj", "{57CE587F-9551-4100-B739-8955E5CC70D6}"
EndProject
Project("{2150E333-8FDC-42A3-9474-1A3956D46DE8}") = ".github", ".github", "{5C0A4341-F83C-4E63-8542-C23F829B10B6}"
EndProject
Project("{2150E333-8FDC-42A3-9474-1A3956D46DE8}") = "workflows", "workflows", "{2826F5AD-37CF-4670-A8B5-DAB00EE2DF49}"
	ProjectSection(SolutionItems) = preProject
		.github\workflows\dotnet.yml = .github\workflows\dotnet.yml
	EndProjectSection
EndProject
Project("{9A19103F-16F7-4668-BE54-9A1E7A4F7556}") = "SPDXHeaderProject", "Tests\SPDXHeaderProject\SPDXHeaderProject.csproj", "{60E4411F-6C14-46A2-980E-F8A4320B7D13}"
EndProject
Project("{FAE04EC0-301F-11D3-BF4B-00C04F79EFBC}") = "CentrallyManagedPackageVersionProject", "Tests\CentrallyManagedPackageVersionProject\CentrallyManagedPackageVersionProject.csproj", "{62BAFFA6-7333-4AB3-AF0C-58C234F3506D}"
EndProject
Project("{FAE04EC0-301F-11D3-BF4B-00C04F79EFBC}") = "NetFrameworkTestProject", "Tests\NetFrameworkTestProject\NetFrameworkTestProject.csproj", "{9A20B528-1711-4B2A-B6F1-BD3DD235B38C}"
EndProject
Project("{13B669BE-BB05-4DDF-9536-439F39A36129}") = "Remora.Sdk.Web", "Remora.Sdk.Web\Remora.Sdk.Web.msbuildproj", "{AC9B5643-7E81-42C8-B704-DC2E23BFD153}"
EndProject
Project("{13B669BE-BB05-4DDF-9536-439F39A36129}") = "Remora.Sdk.Razor", "Remora.Sdk.Razor\Remora.Sdk.Razor.msbuildproj", "{858B0602-7DDC-4060-A023-34A50AC6D20D}"
EndProject
Global
	GlobalSection(SolutionConfigurationPlatforms) = preSolution
		Debug|Any CPU = Debug|Any CPU
		Release|Any CPU = Release|Any CPU
	EndGlobalSection
	GlobalSection(ProjectConfigurationPlatforms) = postSolution
		{060D4556-DD64-453B-B79E-D602E9AA87F5}.Debug|Any CPU.ActiveCfg = Debug|Any CPU
		{060D4556-DD64-453B-B79E-D602E9AA87F5}.Debug|Any CPU.Build.0 = Debug|Any CPU
		{060D4556-DD64-453B-B79E-D602E9AA87F5}.Release|Any CPU.ActiveCfg = Release|Any CPU
		{060D4556-DD64-453B-B79E-D602E9AA87F5}.Release|Any CPU.Build.0 = Release|Any CPU
		{10815AC2-0F9B-4C06-9EA0-317A766B2A5F}.Debug|Any CPU.ActiveCfg = Debug|Any CPU
		{10815AC2-0F9B-4C06-9EA0-317A766B2A5F}.Debug|Any CPU.Build.0 = Debug|Any CPU
		{10815AC2-0F9B-4C06-9EA0-317A766B2A5F}.Release|Any CPU.ActiveCfg = Release|Any CPU
		{10815AC2-0F9B-4C06-9EA0-317A766B2A5F}.Release|Any CPU.Build.0 = Release|Any CPU
		{41D83C63-CC5C-46BF-89C1-859C6064B5E4}.Debug|Any CPU.ActiveCfg = Debug|Any CPU
		{41D83C63-CC5C-46BF-89C1-859C6064B5E4}.Debug|Any CPU.Build.0 = Debug|Any CPU
		{41D83C63-CC5C-46BF-89C1-859C6064B5E4}.Release|Any CPU.ActiveCfg = Debug|Any CPU
		{41D83C63-CC5C-46BF-89C1-859C6064B5E4}.Release|Any CPU.Build.0 = Debug|Any CPU
		{7A29BD0A-C96F-4535-BBB6-0F847CB73F07}.Debug|Any CPU.ActiveCfg = Debug|Any CPU
		{7A29BD0A-C96F-4535-BBB6-0F847CB73F07}.Debug|Any CPU.Build.0 = Debug|Any CPU
		{7A29BD0A-C96F-4535-BBB6-0F847CB73F07}.Release|Any CPU.ActiveCfg = Debug|Any CPU
		{7A29BD0A-C96F-4535-BBB6-0F847CB73F07}.Release|Any CPU.Build.0 = Debug|Any CPU
		{57CE587F-9551-4100-B739-8955E5CC70D6}.Debug|Any CPU.ActiveCfg = Debug|Any CPU
		{57CE587F-9551-4100-B739-8955E5CC70D6}.Debug|Any CPU.Build.0 = Debug|Any CPU
		{57CE587F-9551-4100-B739-8955E5CC70D6}.Release|Any CPU.ActiveCfg = Debug|Any CPU
		{57CE587F-9551-4100-B739-8955E5CC70D6}.Release|Any CPU.Build.0 = Debug|Any CPU
		{60E4411F-6C14-46A2-980E-F8A4320B7D13}.Debug|Any CPU.ActiveCfg = Debug|Any CPU
		{60E4411F-6C14-46A2-980E-F8A4320B7D13}.Debug|Any CPU.Build.0 = Debug|Any CPU
		{60E4411F-6C14-46A2-980E-F8A4320B7D13}.Release|Any CPU.ActiveCfg = Debug|Any CPU
		{60E4411F-6C14-46A2-980E-F8A4320B7D13}.Release|Any CPU.Build.0 = Debug|Any CPU
		{62BAFFA6-7333-4AB3-AF0C-58C234F3506D}.Debug|Any CPU.ActiveCfg = Debug|Any CPU
		{62BAFFA6-7333-4AB3-AF0C-58C234F3506D}.Debug|Any CPU.Build.0 = Debug|Any CPU
		{62BAFFA6-7333-4AB3-AF0C-58C234F3506D}.Release|Any CPU.ActiveCfg = Release|Any CPU
		{62BAFFA6-7333-4AB3-AF0C-58C234F3506D}.Release|Any CPU.Build.0 = Release|Any CPU
		{9A20B528-1711-4B2A-B6F1-BD3DD235B38C}.Debug|Any CPU.ActiveCfg = Debug|Any CPU
		{9A20B528-1711-4B2A-B6F1-BD3DD235B38C}.Debug|Any CPU.Build.0 = Debug|Any CPU
		{9A20B528-1711-4B2A-B6F1-BD3DD235B38C}.Release|Any CPU.ActiveCfg = Release|Any CPU
		{9A20B528-1711-4B2A-B6F1-BD3DD235B38C}.Release|Any CPU.Build.0 = Release|Any CPU
		{AC9B5643-7E81-42C8-B704-DC2E23BFD153}.Debug|Any CPU.ActiveCfg = Debug|Any CPU
		{AC9B5643-7E81-42C8-B704-DC2E23BFD153}.Debug|Any CPU.Build.0 = Debug|Any CPU
		{AC9B5643-7E81-42C8-B704-DC2E23BFD153}.Release|Any CPU.ActiveCfg = Release|Any CPU
		{AC9B5643-7E81-42C8-B704-DC2E23BFD153}.Release|Any CPU.Build.0 = Release|Any CPU
		{858B0602-7DDC-4060-A023-34A50AC6D20D}.Debug|Any CPU.ActiveCfg = Debug|Any CPU
		{858B0602-7DDC-4060-A023-34A50AC6D20D}.Debug|Any CPU.Build.0 = Debug|Any CPU
		{858B0602-7DDC-4060-A023-34A50AC6D20D}.Release|Any CPU.ActiveCfg = Release|Any CPU
		{858B0602-7DDC-4060-A023-34A50AC6D20D}.Release|Any CPU.Build.0 = Release|Any CPU
	EndGlobalSection
	GlobalSection(SolutionProperties) = preSolution
		HideSolutionNode = FALSE
	EndGlobalSection
	GlobalSection(NestedProjects) = preSolution
		{41D83C63-CC5C-46BF-89C1-859C6064B5E4} = {5B608803-1FBF-46B5-8AC5-30C5E0C6D7EB}
		{7A29BD0A-C96F-4535-BBB6-0F847CB73F07} = {5B608803-1FBF-46B5-8AC5-30C5E0C6D7EB}
		{57CE587F-9551-4100-B739-8955E5CC70D6} = {5B608803-1FBF-46B5-8AC5-30C5E0C6D7EB}
		{5C0A4341-F83C-4E63-8542-C23F829B10B6} = {C24DCE64-A955-4039-B930-93C219188BF7}
		{2826F5AD-37CF-4670-A8B5-DAB00EE2DF49} = {5C0A4341-F83C-4E63-8542-C23F829B10B6}
		{60E4411F-6C14-46A2-980E-F8A4320B7D13} = {5B608803-1FBF-46B5-8AC5-30C5E0C6D7EB}
		{62BAFFA6-7333-4AB3-AF0C-58C234F3506D} = {5B608803-1FBF-46B5-8AC5-30C5E0C6D7EB}
		{9A20B528-1711-4B2A-B6F1-BD3DD235B38C} = {5B608803-1FBF-46B5-8AC5-30C5E0C6D7EB}
	EndGlobalSection
	GlobalSection(ExtensibilityGlobals) = postSolution
		SolutionGuid = {13E39F16-2891-4C3E-BE89-EE325BC63544}
	EndGlobalSection
EndGlobal
